
Microsoft Visual Studio Solution File, Format Version 12.00
# Visual Studio Version 16
VisualStudioVersion = 16.0.29230.47
MinimumVisualStudioVersion = 10.0.40219.1
Project("{FAE04EC0-301F-11D3-BF4B-00C04F79EFBC}") = "Log4jReceiver", "Log4jReceiver.csproj", "{9C8C7A28-DCDE-4497-A3A2-DD0E44116A44}"
EndProject
Global
	GlobalSection(SolutionConfigurationPlatforms) = preSolution
		Debug|Any CPU = Debug|Any CPU
		Release|Any CPU = Release|Any CPU
		ReleaseInstallerOnly|Any CPU = ReleaseInstallerOnly|Any CPU
		ReleaseWithoutInstaller|Any CPU = ReleaseWithoutInstaller|Any CPU
	EndGlobalSection
	GlobalSection(ProjectConfigurationPlatforms) = postSolution
		{9C8C7A28-DCDE-4497-A3A2-DD0E44116A44}.Debug|Any CPU.ActiveCfg = Debug|Any CPU
		{9C8C7A28-DCDE-4497-A3A2-DD0E44116A44}.Debug|Any CPU.Build.0 = Debug|Any CPU
		{9C8C7A28-DCDE-4497-A3A2-DD0E44116A44}.Release|Any CPU.ActiveCfg = Release|Any CPU
		{9C8C7A28-DCDE-4497-A3A2-DD0E44116A44}.Release|Any CPU.Build.0 = Release|Any CPU
		{9C8C7A28-DCDE-4497-A3A2-DD0E44116A44}.ReleaseInstallerOnly|Any CPU.ActiveCfg = ReleaseInstallerOnly|Any CPU
		{9C8C7A28-DCDE-4497-A3A2-DD0E44116A44}.ReleaseInstallerOnly|Any CPU.Build.0 = ReleaseInstallerOnly|Any CPU
		{9C8C7A28-DCDE-4497-A3A2-DD0E44116A44}.ReleaseWithoutInstaller|Any CPU.ActiveCfg = ReleaseWithoutInstaller|Any CPU
		{9C8C7A28-DCDE-4497-A3A2-DD0E44116A44}.ReleaseWithoutInstaller|Any CPU.Build.0 = ReleaseWithoutInstaller|Any CPU
	EndGlobalSection
	GlobalSection(SolutionProperties) = preSolution
		HideSolutionNode = FALSE
	EndGlobalSection
	GlobalSection(ExtensibilityGlobals) = postSolution
		SolutionGuid = {F0C2B91E-7892-43B1-978C-95CE96352162}
	EndGlobalSection
EndGlobal
